
Microsoft Visual Studio Solution File, Format Version 12.00
# Visual Studio 15
VisualStudioVersion = 15.0.28307.168
MinimumVisualStudioVersion = 10.0.40219.1
Project("{8BC9CEB8-8B4A-11D0-8D11-00A0C91BC942}") = "2", "2\2.vcxproj", "{FDC3DFE2-B5DF-46FB-A1A3-D4B357B69DD5}"
EndProject
Global
	GlobalSection(SolutionConfigurationPlatforms) = preSolution
		Debug|x64 = Debug|x64
		Debug|x86 = Debug|x86
		Release|x64 = Release|x64
		Release|x86 = Release|x86
	EndGlobalSection
	GlobalSection(ProjectConfigurationPlatforms) = postSolution
		{FDC3DFE2-B5DF-46FB-A1A3-D4B357B69DD5}.Debug|x64.ActiveCfg = Debug|x64
		{FDC3DFE2-B5DF-46FB-A1A3-D4B357B69DD5}.Debug|x64.Build.0 = Debug|x64
		{FDC3DFE2-B5DF-46FB-A1A3-D4B357B69DD5}.Debug|x86.ActiveCfg = Debug|Win32
		{FDC3DFE2-B5DF-46FB-A1A3-D4B357B69DD5}.Debug|x86.Build.0 = Debug|Win32
		{FDC3DFE2-B5DF-46FB-A1A3-D4B357B69DD5}.Release|x64.ActiveCfg = Release|x64
		{FDC3DFE2-B5DF-46FB-A1A3-D4B357B69DD5}.Release|x64.Build.0 = Release|x64
		{FDC3DFE2-B5DF-46FB-A1A3-D4B357B69DD5}.Release|x86.ActiveCfg = Release|Win32
		{FDC3DFE2-B5DF-46FB-A1A3-D4B357B69DD5}.Release|x86.Build.0 = Release|Win32
	EndGlobalSection
	GlobalSection(SolutionProperties) = preSolution
		HideSolutionNode = FALSE
	EndGlobalSection
	GlobalSection(ExtensibilityGlobals) = postSolution
		SolutionGuid = {FF3C8B0B-1D87-4BCE-8C0E-E69E8CFEC4EC}
	EndGlobalSection
EndGlobal
